
Microsoft Visual Studio Solution File, Format Version 12.00
# Visual Studio Version 16
VisualStudioVersion = 16.0.29519.181
MinimumVisualStudioVersion = 10.0.40219.1
Project("{FAE04EC0-301F-11D3-BF4B-00C04F79EFBC}") = "WinMTCFileReader", "WinMTCFileReader\WinMTCFileReader.csproj", "{783A6F80-13D9-46C2-8EB8-DFD9AF789EB9}"
EndProject
Global
	GlobalSection(SolutionConfigurationPlatforms) = preSolution
		Debug|Any CPU = Debug|Any CPU
		Debug|x64 = Debug|x64
		Release|Any CPU = Release|Any CPU
		Release|x64 = Release|x64
	EndGlobalSection
	GlobalSection(ProjectConfigurationPlatforms) = postSolution
		{783A6F80-13D9-46C2-8EB8-DFD9AF789EB9}.Debug|Any CPU.ActiveCfg = Debug|Any CPU
		{783A6F80-13D9-46C2-8EB8-DFD9AF789EB9}.Debug|Any CPU.Build.0 = Debug|Any CPU
		{783A6F80-13D9-46C2-8EB8-DFD9AF789EB9}.Debug|x64.ActiveCfg = Debug|x64
		{783A6F80-13D9-46C2-8EB8-DFD9AF789EB9}.Debug|x64.Build.0 = Debug|x64
		{783A6F80-13D9-46C2-8EB8-DFD9AF789EB9}.Release|Any CPU.ActiveCfg = Release|Any CPU
		{783A6F80-13D9-46C2-8EB8-DFD9AF789EB9}.Release|Any CPU.Build.0 = Release|Any CPU
		{783A6F80-13D9-46C2-8EB8-DFD9AF789EB9}.Release|x64.ActiveCfg = Release|x64
		{783A6F80-13D9-46C2-8EB8-DFD9AF789EB9}.Release|x64.Build.0 = Release|x64
	EndGlobalSection
	GlobalSection(SolutionProperties) = preSolution
		HideSolutionNode = FALSE
	EndGlobalSection
	GlobalSection(ExtensibilityGlobals) = postSolution
		SolutionGuid = {69F7FEF0-E7BC-488C-AB59-3FED736F3B65}
	EndGlobalSection
EndGlobal
